
Microsoft Visual Studio Solution File, Format Version 12.00
# Visual Studio Version 17
VisualStudioVersion = 17.0.31903.59
MinimumVisualStudioVersion = 10.0.40219.1
Project("{FAE04EC0-301F-11D3-BF4B-00C04F79EFBC}") = "TasteTrove.Api", "TasteTrove.Api\TasteTrove.Api.csproj", "{B7B4F340-DC4A-4D59-B0CE-1CE3CB4A9302}"
EndProject
Project("{FAE04EC0-301F-11D3-BF4B-00C04F79EFBC}") = "TasteTrove.Application", "TasteTrove.Application\TasteTrove.Application.csproj", "{15C58721-C1EF-4CAC-8DB4-763E732266B2}"
EndProject
Project("{FAE04EC0-301F-11D3-BF4B-00C04F79EFBC}") = "TasteTrove.Contracts", "TasteTrove.Contracts\TasteTrove.Contracts.csproj", "{9D8B3092-2637-4D47-A857-F6F260058411}"
EndProject
Project("{FAE04EC0-301F-11D3-BF4B-00C04F79EFBC}") = "TasteTrove.Domain", "TasteTrove.Domain\TasteTrove.Domain.csproj", "{E4786C5A-E413-4F4F-8C6B-D221E1F1AD69}"
EndProject
Project("{FAE04EC0-301F-11D3-BF4B-00C04F79EFBC}") = "TasteTrove.Infrastructure", "TasteTrove.Infrastructure\TasteTrove.Infrastructure.csproj", "{510AB705-1EEE-40EF-B2ED-7732A74891D9}"
EndProject
Global
	GlobalSection(SolutionConfigurationPlatforms) = preSolution
		Debug|Any CPU = Debug|Any CPU
		Release|Any CPU = Release|Any CPU
	EndGlobalSection
	GlobalSection(SolutionProperties) = preSolution
		HideSolutionNode = FALSE
	EndGlobalSection
	GlobalSection(ProjectConfigurationPlatforms) = postSolution
		{B7B4F340-DC4A-4D59-B0CE-1CE3CB4A9302}.Debug|Any CPU.ActiveCfg = Debug|Any CPU
		{B7B4F340-DC4A-4D59-B0CE-1CE3CB4A9302}.Debug|Any CPU.Build.0 = Debug|Any CPU
		{B7B4F340-DC4A-4D59-B0CE-1CE3CB4A9302}.Release|Any CPU.ActiveCfg = Release|Any CPU
		{B7B4F340-DC4A-4D59-B0CE-1CE3CB4A9302}.Release|Any CPU.Build.0 = Release|Any CPU
		{15C58721-C1EF-4CAC-8DB4-763E732266B2}.Debug|Any CPU.ActiveCfg = Debug|Any CPU
		{15C58721-C1EF-4CAC-8DB4-763E732266B2}.Debug|Any CPU.Build.0 = Debug|Any CPU
		{15C58721-C1EF-4CAC-8DB4-763E732266B2}.Release|Any CPU.ActiveCfg = Release|Any CPU
		{15C58721-C1EF-4CAC-8DB4-763E732266B2}.Release|Any CPU.Build.0 = Release|Any CPU
		{9D8B3092-2637-4D47-A857-F6F260058411}.Debug|Any CPU.ActiveCfg = Debug|Any CPU
		{9D8B3092-2637-4D47-A857-F6F260058411}.Debug|Any CPU.Build.0 = Debug|Any CPU
		{9D8B3092-2637-4D47-A857-F6F260058411}.Release|Any CPU.ActiveCfg = Release|Any CPU
		{9D8B3092-2637-4D47-A857-F6F260058411}.Release|Any CPU.Build.0 = Release|Any CPU
		{E4786C5A-E413-4F4F-8C6B-D221E1F1AD69}.Debug|Any CPU.ActiveCfg = Debug|Any CPU
		{E4786C5A-E413-4F4F-8C6B-D221E1F1AD69}.Debug|Any CPU.Build.0 = Debug|Any CPU
		{E4786C5A-E413-4F4F-8C6B-D221E1F1AD69}.Release|Any CPU.ActiveCfg = Release|Any CPU
		{E4786C5A-E413-4F4F-8C6B-D221E1F1AD69}.Release|Any CPU.Build.0 = Release|Any CPU
		{510AB705-1EEE-40EF-B2ED-7732A74891D9}.Debug|Any CPU.ActiveCfg = Debug|Any CPU
		{510AB705-1EEE-40EF-B2ED-7732A74891D9}.Debug|Any CPU.Build.0 = Debug|Any CPU
		{510AB705-1EEE-40EF-B2ED-7732A74891D9}.Release|Any CPU.ActiveCfg = Release|Any CPU
		{510AB705-1EEE-40EF-B2ED-7732A74891D9}.Release|Any CPU.Build.0 = Release|Any CPU
	EndGlobalSection
EndGlobal
